schema: '2.0'
stages:
  data_ingestion:
    cmd: python "1. data-versioning/src/data_ingestion.py"
    deps:
    - path: 1. data-versioning/src/data_ingestion.py
      hash: md5
      md5: eeff4caf44e495b018a37234369f81e5
      size: 671
      isexec: true
    outs:
    - path: data/raw
      hash: md5
      md5: c0129a91ea0ff4bdfc6a5ddda548ff1e.dir
      size: 949510
      nfiles: 2
