schema: '2.0'
stages:
  data_ingestion:
    cmd: python "1. data-versioning/src/data_ingestion.py"
    deps:
    - path: 1. data-versioning/src/data_ingestion.py
      hash: md5
      md5: 24846cb4e254e8be4bc8ab83278542ce
      size: 853
      isexec: true
    params:
      params.yaml:
        data_ingestion.test_size: 0.2
    outs:
    - path: data/raw
      hash: md5
      md5: b44f108bef631af6dcc12f1d0290b77b.dir
      size: 876848
      nfiles: 2
  data_preprocessing:
    cmd: python "1. data-versioning/src/pre_process.py"
    deps:
    - path: 1. data-versioning/src/pre_process.py
      hash: md5
      md5: 60d306d0d4bef411cf0ea9f5291f5820
      size: 2378
      isexec: true
    - path: data/raw
      hash: md5
      md5: b44f108bef631af6dcc12f1d0290b77b.dir
      size: 876848
      nfiles: 2
    outs:
    - path: data/processed
      hash: md5
      md5: c78ba9d65564f8f05cf6bd2b5a540e66.dir
      size: 664757
      nfiles: 2
  feature_engineering:
    cmd: python "1. data-versioning/src/feature_engineering.py"
    deps:
    - path: 1. data-versioning/src/feature_engineering.py
      hash: md5
      md5: 14ba02bcafc92366a26b0a0d56de0d28
      size: 1080
      isexec: true
    - path: data/processed
      hash: md5
      md5: c78ba9d65564f8f05cf6bd2b5a540e66.dir
      size: 664757
      nfiles: 2
    params:
      params.yaml:
        feature_engineering.max_features: 100
    outs:
    - path: data/features
      hash: md5
      md5: e006c0ab2baf08d5acbf5ca8be9461a7.dir
      size: 2145792
      nfiles: 2
  model_building:
    cmd: python "1. data-versioning/src/model_building.py"
    deps:
    - path: 1. data-versioning/src/model_building.py
      hash: md5
      md5: 83ffdbd92554137406afb0636b94926b
      size: 930
      isexec: true
    - path: data/features
      hash: md5
      md5: e006c0ab2baf08d5acbf5ca8be9461a7.dir
      size: 2145792
      nfiles: 2
    params:
      params.yaml:
        model_building.device: cpu
        model_building.eval_metric: logloss
        model_building.learning_rate: 0.1
        model_building.n_estimators: 50
    outs:
    - path: 1. data-versioning/model.pkl
      hash: md5
      md5: c41d3b198ad2c05f516b9c4e21ea2300
      size: 121829
      isexec: true
  model_evaluation:
    cmd: python "1. data-versioning/src/model_evaluation.py"
    deps:
    - path: 1. data-versioning/src/model_evaluation.py
      hash: md5
      md5: 5a2aaca0a8d002e8135e99b0f4228f24
      size: 929
      isexec: true
    - path: data/features
      hash: md5
      md5: e006c0ab2baf08d5acbf5ca8be9461a7.dir
      size: 2145792
      nfiles: 2
    outs:
    - path: 1. data-versioning/metrics.json
      hash: md5
      md5: 6a27be584b279960bf7d2281b73fbda3
      size: 144
      isexec: true
